
Microsoft Visual Studio Solution File, Format Version 12.00
# Visual Studio Version 16
VisualStudioVersion = 16.0.30907.101
MinimumVisualStudioVersion = 10.0.40219.1
Project("{9A19103F-16F7-4668-BE54-9A1E7A4F7556}") = "CmsDemo", "CmsDemo\CmsDemo.csproj", "{FD66A905-5AC7-4928-8976-CE547CAC03CF}"
EndProject
Project("{9A19103F-16F7-4668-BE54-9A1E7A4F7556}") = "CmsDemoUnitTesting", "CmsDemoUnitTesting\CmsDemoUnitTesting.csproj", "{89C70074-081D-41DD-86F2-5E072CCC3BCF}"
EndProject
Project("{2150E333-8FDC-42A3-9474-1A3956D46DE8}") = "Solution Items", "Solution Items", "{54464157-1180-4237-BD03-F181F1BBA0C3}"
	ProjectSection(SolutionItems) = preProject
		Database Setup Script.sql = Database Setup Script.sql
		README.md = README.md
	EndProjectSection
EndProject
Global
	GlobalSection(SolutionConfigurationPlatforms) = preSolution
		Debug|Any CPU = Debug|Any CPU
		Release|Any CPU = Release|Any CPU
	EndGlobalSection
	GlobalSection(ProjectConfigurationPlatforms) = postSolution
		{FD66A905-5AC7-4928-8976-CE547CAC03CF}.Debug|Any CPU.ActiveCfg = Debug|Any CPU
		{FD66A905-5AC7-4928-8976-CE547CAC03CF}.Debug|Any CPU.Build.0 = Debug|Any CPU
		{FD66A905-5AC7-4928-8976-CE547CAC03CF}.Release|Any CPU.ActiveCfg = Release|Any CPU
		{FD66A905-5AC7-4928-8976-CE547CAC03CF}.Release|Any CPU.Build.0 = Release|Any CPU
		{89C70074-081D-41DD-86F2-5E072CCC3BCF}.Debug|Any CPU.ActiveCfg = Debug|Any CPU
		{89C70074-081D-41DD-86F2-5E072CCC3BCF}.Debug|Any CPU.Build.0 = Debug|Any CPU
		{89C70074-081D-41DD-86F2-5E072CCC3BCF}.Release|Any CPU.ActiveCfg = Release|Any CPU
		{89C70074-081D-41DD-86F2-5E072CCC3BCF}.Release|Any CPU.Build.0 = Release|Any CPU
	EndGlobalSection
	GlobalSection(SolutionProperties) = preSolution
		HideSolutionNode = FALSE
	EndGlobalSection
	GlobalSection(ExtensibilityGlobals) = postSolution
		SolutionGuid = {B483ABD8-B408-4BE6-AC73-0E22C7F5C8A8}
	EndGlobalSection
EndGlobal
